
Microsoft Visual Studio Solution File, Format Version 12.00
# Visual Studio Version 17
VisualStudioVersion = 17.8.34525.116
MinimumVisualStudioVersion = 10.0.40219.1
Project("{2150E333-8FDC-42A3-9474-1A3956D46DE8}") = "FrontEnd", "FrontEnd", "{B428424A-080B-4F31-82A2-69B839843B94}"
EndProject
Project("{2150E333-8FDC-42A3-9474-1A3956D46DE8}") = "Gateway", "Gateway", "{30B93173-E965-4D63-84A1-D40E67E97AED}"
EndProject
Project("{2150E333-8FDC-42A3-9474-1A3956D46DE8}") = "Integration", "Integration", "{82A8CA3F-560C-453C-BDDC-B7784252E0E0}"
EndProject
Project("{2150E333-8FDC-42A3-9474-1A3956D46DE8}") = "Services", "Services", "{2FEB61C3-2D09-4189-995C-658C8E4608E9}"
EndProject
Project("{9A19103F-16F7-4668-BE54-9A1E7A4F7556}") = "Mango.Services.CouponAPI", "Mango.Services.CouponAPI\Mango.Services.CouponAPI.csproj", "{0525CF23-DEA9-4A0B-996E-0F350ABBFDE5}"
EndProject
Project("{9A19103F-16F7-4668-BE54-9A1E7A4F7556}") = "Mango.Web", "Mango.Web\Mango.Web.csproj", "{94FDE9C3-CC2E-43E2-8A63-41FA646882C2}"
EndProject
Project("{9A19103F-16F7-4668-BE54-9A1E7A4F7556}") = "Mango.Services.AuthAPI", "Mango.Services.AuthAPI\Mango.Services.AuthAPI.csproj", "{C82E8B93-40AE-47EC-A219-F01879BB2B35}"
EndProject
Project("{2150E333-8FDC-42A3-9474-1A3956D46DE8}") = "Docs", "Docs", "{861674DA-53B6-449D-933D-FC9A7ADFBD3A}"
EndProject
Project("{9A19103F-16F7-4668-BE54-9A1E7A4F7556}") = "Mango.Services.ProductAPI", "Mango.Services.ProductAPI\Mango.Services.ProductAPI.csproj", "{B41797E7-DD05-4AC9-9D65-5F2040EEB5EB}"
EndProject
Project("{9A19103F-16F7-4668-BE54-9A1E7A4F7556}") = "Mango.Services.ShoppingCartAPI", "Mango.Services.ShoppingCartAPI\Mango.Services.ShoppingCartAPI.csproj", "{FCFF2168-7B4B-4CF3-957D-5C0F94E7368F}"
EndProject
Project("{FAE04EC0-301F-11D3-BF4B-00C04F79EFBC}") = "Mango.MessageBus", "Mango.MessageBus\Mango.MessageBus.csproj", "{BB6988B5-57FC-4E9D-9662-9591C373BF96}"
EndProject
Global
	GlobalSection(SolutionConfigurationPlatforms) = preSolution
		Debug|Any CPU = Debug|Any CPU
		Release|Any CPU = Release|Any CPU
	EndGlobalSection
	GlobalSection(ProjectConfigurationPlatforms) = postSolution
		{0525CF23-DEA9-4A0B-996E-0F350ABBFDE5}.Debug|Any CPU.ActiveCfg = Debug|Any CPU
		{0525CF23-DEA9-4A0B-996E-0F350ABBFDE5}.Debug|Any CPU.Build.0 = Debug|Any CPU
		{0525CF23-DEA9-4A0B-996E-0F350ABBFDE5}.Release|Any CPU.ActiveCfg = Release|Any CPU
		{0525CF23-DEA9-4A0B-996E-0F350ABBFDE5}.Release|Any CPU.Build.0 = Release|Any CPU
		{94FDE9C3-CC2E-43E2-8A63-41FA646882C2}.Debug|Any CPU.ActiveCfg = Debug|Any CPU
		{94FDE9C3-CC2E-43E2-8A63-41FA646882C2}.Debug|Any CPU.Build.0 = Debug|Any CPU
		{94FDE9C3-CC2E-43E2-8A63-41FA646882C2}.Release|Any CPU.ActiveCfg = Release|Any CPU
		{94FDE9C3-CC2E-43E2-8A63-41FA646882C2}.Release|Any CPU.Build.0 = Release|Any CPU
		{C82E8B93-40AE-47EC-A219-F01879BB2B35}.Debug|Any CPU.ActiveCfg = Debug|Any CPU
		{C82E8B93-40AE-47EC-A219-F01879BB2B35}.Debug|Any CPU.Build.0 = Debug|Any CPU
		{C82E8B93-40AE-47EC-A219-F01879BB2B35}.Release|Any CPU.ActiveCfg = Release|Any CPU
		{C82E8B93-40AE-47EC-A219-F01879BB2B35}.Release|Any CPU.Build.0 = Release|Any CPU
		{B41797E7-DD05-4AC9-9D65-5F2040EEB5EB}.Debug|Any CPU.ActiveCfg = Debug|Any CPU
		{B41797E7-DD05-4AC9-9D65-5F2040EEB5EB}.Debug|Any CPU.Build.0 = Debug|Any CPU
		{B41797E7-DD05-4AC9-9D65-5F2040EEB5EB}.Release|Any CPU.ActiveCfg = Release|Any CPU
		{B41797E7-DD05-4AC9-9D65-5F2040EEB5EB}.Release|Any CPU.Build.0 = Release|Any CPU
		{FCFF2168-7B4B-4CF3-957D-5C0F94E7368F}.Debug|Any CPU.ActiveCfg = Debug|Any CPU
		{FCFF2168-7B4B-4CF3-957D-5C0F94E7368F}.Debug|Any CPU.Build.0 = Debug|Any CPU
		{FCFF2168-7B4B-4CF3-957D-5C0F94E7368F}.Release|Any CPU.ActiveCfg = Release|Any CPU
		{FCFF2168-7B4B-4CF3-957D-5C0F94E7368F}.Release|Any CPU.Build.0 = Release|Any CPU
		{BB6988B5-57FC-4E9D-9662-9591C373BF96}.Debug|Any CPU.ActiveCfg = Debug|Any CPU
		{BB6988B5-57FC-4E9D-9662-9591C373BF96}.Debug|Any CPU.Build.0 = Debug|Any CPU
		{BB6988B5-57FC-4E9D-9662-9591C373BF96}.Release|Any CPU.ActiveCfg = Release|Any CPU
		{BB6988B5-57FC-4E9D-9662-9591C373BF96}.Release|Any CPU.Build.0 = Release|Any CPU
	EndGlobalSection
	GlobalSection(SolutionProperties) = preSolution
		HideSolutionNode = FALSE
	EndGlobalSection
	GlobalSection(NestedProjects) = preSolution
		{0525CF23-DEA9-4A0B-996E-0F350ABBFDE5} = {2FEB61C3-2D09-4189-995C-658C8E4608E9}
		{94FDE9C3-CC2E-43E2-8A63-41FA646882C2} = {B428424A-080B-4F31-82A2-69B839843B94}
		{C82E8B93-40AE-47EC-A219-F01879BB2B35} = {2FEB61C3-2D09-4189-995C-658C8E4608E9}
		{B41797E7-DD05-4AC9-9D65-5F2040EEB5EB} = {2FEB61C3-2D09-4189-995C-658C8E4608E9}
		{FCFF2168-7B4B-4CF3-957D-5C0F94E7368F} = {2FEB61C3-2D09-4189-995C-658C8E4608E9}
		{BB6988B5-57FC-4E9D-9662-9591C373BF96} = {82A8CA3F-560C-453C-BDDC-B7784252E0E0}
	EndGlobalSection
	GlobalSection(ExtensibilityGlobals) = postSolution
		SolutionGuid = {285009F5-CFF9-4CF5-BCCF-411C83925D52}
	EndGlobalSection
EndGlobal
